
Microsoft Visual Studio Solution File, Format Version 12.00
# Visual Studio Version 17
VisualStudioVersion = 17.8.34309.116
MinimumVisualStudioVersion = 10.0.40219.1
Project("{FAE04EC0-301F-11D3-BF4B-00C04F79EFBC}") = "ObjectSender", "ObjectSender.csproj", "{487B7DC1-E074-4CEB-A8D3-0DC35A6731DD}"
EndProject
Global
	GlobalSection(SolutionConfigurationPlatforms) = preSolution
		Debug|Any CPU = Debug|Any CPU
		Release|Any CPU = Release|Any CPU
	EndGlobalSection
	GlobalSection(ProjectConfigurationPlatforms) = postSolution
		{487B7DC1-E074-4CEB-A8D3-0DC35A6731DD}.Debug|Any CPU.ActiveCfg = Debug|Any CPU
		{487B7DC1-E074-4CEB-A8D3-0DC35A6731DD}.Debug|Any CPU.Build.0 = Debug|Any CPU
		{487B7DC1-E074-4CEB-A8D3-0DC35A6731DD}.Release|Any CPU.ActiveCfg = Release|Any CPU
		{487B7DC1-E074-4CEB-A8D3-0DC35A6731DD}.Release|Any CPU.Build.0 = Release|Any CPU
	EndGlobalSection
	GlobalSection(SolutionProperties) = preSolution
		HideSolutionNode = FALSE
	EndGlobalSection
	GlobalSection(ExtensibilityGlobals) = postSolution
		SolutionGuid = {6834D113-8859-4AA0-934E-E24961FBEF10}
	EndGlobalSection
EndGlobal
